
Microsoft Visual Studio Solution File, Format Version 12.00
# Visual Studio 15
VisualStudioVersion = 15.0.27130.2036
MinimumVisualStudioVersion = 10.0.40219.1
Project("{888888A0-9F3D-457C-B088-3A5042F75D52}") = "piton", "piton\piton.pyproj", "{7154E53E-1C55-4905-8A7F-F5EBA03576E6}"
EndProject
Global
	GlobalSection(SolutionConfigurationPlatforms) = preSolution
		Debug|Any CPU = Debug|Any CPU
		Release|Any CPU = Release|Any CPU
	EndGlobalSection
	GlobalSection(ProjectConfigurationPlatforms) = postSolution
		{7154E53E-1C55-4905-8A7F-F5EBA03576E6}.Debug|Any CPU.ActiveCfg = Debug|Any CPU
		{7154E53E-1C55-4905-8A7F-F5EBA03576E6}.Release|Any CPU.ActiveCfg = Release|Any CPU
	EndGlobalSection
	GlobalSection(SolutionProperties) = preSolution
		HideSolutionNode = FALSE
	EndGlobalSection
	GlobalSection(ExtensibilityGlobals) = postSolution
		SolutionGuid = {445D0236-6977-4D88-B6D2-F66009993417}
	EndGlobalSection
EndGlobal
